// !$*UTF8*$!
{
	archiveVersion = 1;
	classes = {
	};
	objectVersion = 56;
	objects = {

/* Begin PBXBuildFile section */
		BB3922A8299C4A9100B6E6E6 /* main.swift in Sources */ = {isa = PBXBuildFile; fileRef = BB3922A7299C4A9100B6E6E6 /* main.swift */; };
		BB3922AF299C4AC900B6E6E6 /* ChainOfResponsibility.swift in Sources */ = {isa = PBXBuildFile; fileRef = BB3922AE299C4AC900B6E6E6 /* ChainOfResponsibility.swift */; };
		BB3922B1299C4AD300B6E6E6 /* Template.swift in Sources */ = {isa = PBXBuildFile; fileRef = BB3922B0299C4AD300B6E6E6 /* Template.swift */; };
		BB3922B3299C4B3E00B6E6E6 /* Memento.swift in Sources */ = {isa = PBXBuildFile; fileRef = BB3922B2299C4B3E00B6E6E6 /* Memento.swift */; };
		BB3922C1299C4B9700B6E6E6 /* Mediator.swift in Sources */ = {isa = PBXBuildFile; fileRef = BB3922C0299C4B9700B6E6E6 /* Mediator.swift */; };
		BB3922C3299C4B9B00B6E6E6 /* Observer.swift in Sources */ = {isa = PBXBuildFile; fileRef = BB3922C2299C4B9B00B6E6E6 /* Observer.swift */; };
		BB3922C7299C4BA800B6E6E6 /* Decorator.swift in Sources */ = {isa = PBXBuildFile; fileRef = BB3922C6299C4BA800B6E6E6 /* Decorator.swift */; };
		BB3922C9299C4BAC00B6E6E6 /* Adaptor.swift in Sources */ = {isa = PBXBuildFile; fileRef = BB3922C8299C4BAC00B6E6E6 /* Adaptor.swift */; };
		BB3922CB299C4BB600B6E6E6 /* Proxy.swift in Sources */ = {isa = PBXBuildFile; fileRef = BB3922CA299C4BB600B6E6E6 /* Proxy.swift */; };
		BB3922CD299C4BBC00B6E6E6 /* Bridge.swift in Sources */ = {isa = PBXBuildFile; fileRef = BB3922CC299C4BBC00B6E6E6 /* Bridge.swift */; };
/* End PBXBuildFile section */

/* Begin PBXCopyFilesBuildPhase section */
		BB3922A2299C4A9100B6E6E6 /* CopyFiles */ = {
			isa = PBXCopyFilesBuildPhase;
			buildActionMask = 2147483647;
			dstPath = /usr/share/man/man1/;
			dstSubfolderSpec = 0;
			files = (
			);
			runOnlyForDeploymentPostprocessing = 1;
		};
/* End PBXCopyFilesBuildPhase section */

/* Begin PBXFileReference section */
		BB3922A4299C4A9100B6E6E6 /* DesignPatternsSwift */ = {isa = PBXFileReference; explicitFileType = "compiled.mach-o.executable"; includeInIndex = 0; path = DesignPatternsSwift; sourceTree = BUILT_PRODUCTS_DIR; };
		BB3922A7299C4A9100B6E6E6 /* main.swift */ = {isa = PBXFileReference; lastKnownFileType = sourcecode.swift; path = main.swift; sourceTree = "<group>"; };
		BB3922AE299C4AC900B6E6E6 /* ChainOfResponsibility.swift */ = {isa = PBXFileReference; lastKnownFileType = sourcecode.swift; path = ChainOfResponsibility.swift; sourceTree = "<group>"; };
		BB3922B0299C4AD300B6E6E6 /* Template.swift */ = {isa = PBXFileReference; lastKnownFileType = sourcecode.swift; path = Template.swift; sourceTree = "<group>"; };
		BB3922B2299C4B3E00B6E6E6 /* Memento.swift */ = {isa = PBXFileReference; lastKnownFileType = sourcecode.swift; path = Memento.swift; sourceTree = "<group>"; };
		BB3922C0299C4B9700B6E6E6 /* Mediator.swift */ = {isa = PBXFileReference; lastKnownFileType = sourcecode.swift; path = Mediator.swift; sourceTree = "<group>"; };
		BB3922C2299C4B9B00B6E6E6 /* Observer.swift */ = {isa = PBXFileReference; lastKnownFileType = sourcecode.swift; path = Observer.swift; sourceTree = "<group>"; };
		BB3922C6299C4BA800B6E6E6 /* Decorator.swift */ = {isa = PBXFileReference; lastKnownFileType = sourcecode.swift; path = Decorator.swift; sourceTree = "<group>"; };
		BB3922C8299C4BAC00B6E6E6 /* Adaptor.swift */ = {isa = PBXFileReference; lastKnownFileType = sourcecode.swift; path = Adaptor.swift; sourceTree = "<group>"; };
		BB3922CA299C4BB600B6E6E6 /* Proxy.swift */ = {isa = PBXFileReference; lastKnownFileType = sourcecode.swift; path = Proxy.swift; sourceTree = "<group>"; };
		BB3922CC299C4BBC00B6E6E6 /* Bridge.swift */ = {isa = PBXFileReference; lastKnownFileType = sourcecode.swift; path = Bridge.swift; sourceTree = "<group>"; };
		BB3922D0299C4D2D00B6E6E6 /* BTP600_lect1.ppt */ = {isa = PBXFileReference; lastKnownFileType = file; path = BTP600_lect1.ppt; sourceTree = "<group>"; };
		BB3922D1299C4D5D00B6E6E6 /* BTP600_lect2.ppt */ = {isa = PBXFileReference; lastKnownFileType = file; path = BTP600_lect2.ppt; sourceTree = "<group>"; };
/* End PBXFileReference section */

/* Begin PBXFrameworksBuildPhase section */
		BB3922A1299C4A9100B6E6E6 /* Frameworks */ = {
			isa = PBXFrameworksBuildPhase;
			buildActionMask = 2147483647;
			files = (
			);
			runOnlyForDeploymentPostprocessing = 0;
		};
/* End PBXFrameworksBuildPhase section */

/* Begin PBXGroup section */
		BB39229B299C4A9100B6E6E6 = {
			isa = PBXGroup;
			children = (
				BB3922A6299C4A9100B6E6E6 /* DesignPatternsSwift */,
				BB3922A5299C4A9100B6E6E6 /* Products */,
			);
			sourceTree = "<group>";
		};
		BB3922A5299C4A9100B6E6E6 /* Products */ = {
			isa = PBXGroup;
			children = (
				BB3922A4299C4A9100B6E6E6 /* DesignPatternsSwift */,
			);
			name = Products;
			sourceTree = "<group>";
		};
		BB3922A6299C4A9100B6E6E6 /* DesignPatternsSwift */ = {
			isa = PBXGroup;
			children = (
				BB3922A7299C4A9100B6E6E6 /* main.swift */,
				BB3922C8299C4BAC00B6E6E6 /* Adaptor.swift */,
				BB3922B0299C4AD300B6E6E6 /* Template.swift */,
				BB3922CC299C4BBC00B6E6E6 /* Bridge.swift */,
				BB3922CA299C4BB600B6E6E6 /* Proxy.swift */,
				BB3922C6299C4BA800B6E6E6 /* Decorator.swift */,
				BB3922C2299C4B9B00B6E6E6 /* Observer.swift */,
				BB3922B2299C4B3E00B6E6E6 /* Memento.swift */,
				BB3922C0299C4B9700B6E6E6 /* Mediator.swift */,
				BB3922AE299C4AC900B6E6E6 /* ChainOfResponsibility.swift */,
				BB3922D0299C4D2D00B6E6E6 /* BTP600_lect1.ppt */,
				BB3922D1299C4D5D00B6E6E6 /* BTP600_lect2.ppt */,
			);
			path = DesignPatternsSwift;
			sourceTree = "<group>";
		};
/* End PBXGroup section */

/* Begin PBXNativeTarget section */
		BB3922A3299C4A9100B6E6E6 /* DesignPatternsSwift */ = {
			isa = PBXNativeTarget;
			buildConfigurationList = BB3922AB299C4A9100B6E6E6 /* Build configuration list for PBXNativeTarget "DesignPatternsSwift" */;
			buildPhases = (
				BB3922A0299C4A9100B6E6E6 /* Sources */,
				BB3922A1299C4A9100B6E6E6 /* Frameworks */,
				BB3922A2299C4A9100B6E6E6 /* CopyFiles */,
			);
			buildRules = (
			);
			dependencies = (
			);
			name = DesignPatternsSwift;
			productName = DesignPatternsSwift;
			productReference = BB3922A4299C4A9100B6E6E6 /* DesignPatternsSwift */;
			productType = "com.apple.product-type.tool";
		};
/* End PBXNativeTarget section */

/* Begin PBXProject section */
		BB39229C299C4A9100B6E6E6 /* Project object */ = {
			isa = PBXProject;
			attributes = {
				BuildIndependentTargetsInParallel = 1;
				LastSwiftUpdateCheck = 1400;
				LastUpgradeCheck = 1400;
				TargetAttributes = {
					BB3922A3299C4A9100B6E6E6 = {
						CreatedOnToolsVersion = 14.0.1;
					};
				};
			};
			buildConfigurationList = BB39229F299C4A9100B6E6E6 /* Build configuration list for PBXProject "DesignPatternsSwift" */;
			compatibilityVersion = "Xcode 14.0";
			developmentRegion = en;
			hasScannedForEncodings = 0;
			knownRegions = (
				en,
				Base,
			);
			mainGroup = BB39229B299C4A9100B6E6E6;
			productRefGroup = BB3922A5299C4A9100B6E6E6 /* Products */;
			projectDirPath = "";
			projectRoot = "";
			targets = (
				BB3922A3299C4A9100B6E6E6 /* DesignPatternsSwift */,
			);
		};
/* End PBXProject section */

/* Begin PBXSourcesBuildPhase section */
		BB3922A0299C4A9100B6E6E6 /* Sources */ = {
			isa = PBXSourcesBuildPhase;
			buildActionMask = 2147483647;
			files = (
				BB3922B1299C4AD300B6E6E6 /* Template.swift in Sources */,
				BB3922C3299C4B9B00B6E6E6 /* Observer.swift in Sources */,
				BB3922B3299C4B3E00B6E6E6 /* Memento.swift in Sources */,
				BB3922CD299C4BBC00B6E6E6 /* Bridge.swift in Sources */,
				BB3922C1299C4B9700B6E6E6 /* Mediator.swift in Sources */,
				BB3922C9299C4BAC00B6E6E6 /* Adaptor.swift in Sources */,
				BB3922CB299C4BB600B6E6E6 /* Proxy.swift in Sources */,
				BB3922AF299C4AC900B6E6E6 /* ChainOfResponsibility.swift in Sources */,
				BB3922A8299C4A9100B6E6E6 /* main.swift in Sources */,
				BB3922C7299C4BA800B6E6E6 /* Decorator.swift in Sources */,
			);
			runOnlyForDeploymentPostprocessing = 0;
		};
/* End PBXSourcesBuildPhase section */

/* Begin XCBuildConfiguration section */
		BB3922A9299C4A9100B6E6E6 /* Debug */ = {
			isa = XCBuildConfiguration;
			buildSettings = {
				ALWAYS_SEARCH_USER_PATHS = NO;
				CLANG_ANALYZER_NONNULL = YES;
				CLANG_ANALYZER_NUMBER_OBJECT_CONVERSION = YES_AGGRESSIVE;
				CLANG_CXX_LANGUAGE_STANDARD = "gnu++20";
				CLANG_ENABLE_MODULES = YES;
				CLANG_ENABLE_OBJC_ARC = YES;
				CLANG_ENABLE_OBJC_WEAK = YES;
				CLANG_WARN_BLOCK_CAPTURE_AUTORELEASING = YES;
				CLANG_WARN_BOOL_CONVERSION = YES;
				CLANG_WARN_COMMA = YES;
				CLANG_WARN_CONSTANT_CONVERSION = YES;
				CLANG_WARN_DEPRECATED_OBJC_IMPLEMENTATIONS = YES;
				CLANG_WARN_DIRECT_OBJC_ISA_USAGE = YES_ERROR;
				CLANG_WARN_DOCUMENTATION_COMMENTS = YES;
				CLANG_WARN_EMPTY_BODY = YES;
				CLANG_WARN_ENUM_CONVERSION = YES;
				CLANG_WARN_INFINITE_RECURSION = YES;
				CLANG_WARN_INT_CONVERSION = YES;
				CLANG_WARN_NON_LITERAL_NULL_CONVERSION = YES;
				CLANG_WARN_OBJC_IMPLICIT_RETAIN_SELF = YES;
				CLANG_WARN_OBJC_LITERAL_CONVERSION = YES;
				CLANG_WARN_OBJC_ROOT_CLASS = YES_ERROR;
				CLANG_WARN_QUOTED_INCLUDE_IN_FRAMEWORK_HEADER = YES;
				CLANG_WARN_RANGE_LOOP_ANALYSIS = YES;
				CLANG_WARN_STRICT_PROTOTYPES = YES;
				CLANG_WARN_SUSPICIOUS_MOVE = YES;
				CLANG_WARN_UNGUARDED_AVAILABILITY = YES_AGGRESSIVE;
				CLANG_WARN_UNREACHABLE_CODE = YES;
				CLANG_WARN__DUPLICATE_METHOD_MATCH = YES;
				COPY_PHASE_STRIP = NO;
				DEBUG_INFORMATION_FORMAT = dwarf;
				ENABLE_STRICT_OBJC_MSGSEND = YES;
				ENABLE_TESTABILITY = YES;
				GCC_C_LANGUAGE_STANDARD = gnu11;
				GCC_DYNAMIC_NO_PIC = NO;
				GCC_NO_COMMON_BLOCKS = YES;
				GCC_OPTIMIZATION_LEVEL = 0;
				GCC_PREPROCESSOR_DEFINITIONS = (
					"DEBUG=1",
					"$(inherited)",
				);
				GCC_WARN_64_TO_32_BIT_CONVERSION = YES;
				GCC_WARN_ABOUT_RETURN_TYPE = YES_ERROR;
				GCC_WARN_UNDECLARED_SELECTOR = YES;
				GCC_WARN_UNINITIALIZED_AUTOS = YES_AGGRESSIVE;
				GCC_WARN_UNUSED_FUNCTION = YES;
				GCC_WARN_UNUSED_VARIABLE = YES;
				MACOSX_DEPLOYMENT_TARGET = 12.3;
				MTL_ENABLE_DEBUG_INFO = INCLUDE_SOURCE;
				MTL_FAST_MATH = YES;
				ONLY_ACTIVE_ARCH = YES;
				SDKROOT = macosx;
				SWIFT_ACTIVE_COMPILATION_CONDITIONS = DEBUG;
				SWIFT_OPTIMIZATION_LEVEL = "-Onone";
			};
			name = Debug;
		};
		BB3922AA299C4A9100B6E6E6 /* Release */ = {
			isa = XCBuildConfiguration;
			buildSettings = {
				ALWAYS_SEARCH_USER_PATHS = NO;
				CLANG_ANALYZER_NONNULL = YES;
				CLANG_ANALYZER_NUMBER_OBJECT_CONVERSION = YES_AGGRESSIVE;
				CLANG_CXX_LANGUAGE_STANDARD = "gnu++20";
				CLANG_ENABLE_MODULES = YES;
				CLANG_ENABLE_OBJC_ARC = YES;
				CLANG_ENABLE_OBJC_WEAK = YES;
				CLANG_WARN_BLOCK_CAPTURE_AUTORELEASING = YES;
				CLANG_WARN_BOOL_CONVERSION = YES;
				CLANG_WARN_COMMA = YES;
				CLANG_WARN_CONSTANT_CONVERSION = YES;
				CLANG_WARN_DEPRECATED_OBJC_IMPLEMENTATIONS = YES;
				CLANG_WARN_DIRECT_OBJC_ISA_USAGE = YES_ERROR;
				CLANG_WARN_DOCUMENTATION_COMMENTS = YES;
				CLANG_WARN_EMPTY_BODY = YES;
				CLANG_WARN_ENUM_CONVERSION = YES;
				CLANG_WARN_INFINITE_RECURSION = YES;
				CLANG_WARN_INT_CONVERSION = YES;
				CLANG_WARN_NON_LITERAL_NULL_CONVERSION = YES;
				CLANG_WARN_OBJC_IMPLICIT_RETAIN_SELF = YES;
				CLANG_WARN_OBJC_LITERAL_CONVERSION = YES;
				CLANG_WARN_OBJC_ROOT_CLASS = YES_ERROR;
				CLANG_WARN_QUOTED_INCLUDE_IN_FRAMEWORK_HEADER = YES;
				CLANG_WARN_RANGE_LOOP_ANALYSIS = YES;
				CLANG_WARN_STRICT_PROTOTYPES = YES;
				CLANG_WARN_SUSPICIOUS_MOVE = YES;
				CLANG_WARN_UNGUARDED_AVAILABILITY = YES_AGGRESSIVE;
				CLANG_WARN_UNREACHABLE_CODE = YES;
				CLANG_WARN__DUPLICATE_METHOD_MATCH = YES;
				COPY_PHASE_STRIP = NO;
				DEBUG_INFORMATION_FORMAT = "dwarf-with-dsym";
				ENABLE_NS_ASSERTIONS = NO;
				ENABLE_STRICT_OBJC_MSGSEND = YES;
				GCC_C_LANGUAGE_STANDARD = gnu11;
				GCC_NO_COMMON_BLOCKS = YES;
				GCC_WARN_64_TO_32_BIT_CONVERSION = YES;
				GCC_WARN_ABOUT_RETURN_TYPE = YES_ERROR;
				GCC_WARN_UNDECLARED_SELECTOR = YES;
				GCC_WARN_UNINITIALIZED_AUTOS = YES_AGGRESSIVE;
				GCC_WARN_UNUSED_FUNCTION = YES;
				GCC_WARN_UNUSED_VARIABLE = YES;
				MACOSX_DEPLOYMENT_TARGET = 12.3;
				MTL_ENABLE_DEBUG_INFO = NO;
				MTL_FAST_MATH = YES;
				SDKROOT = macosx;
				SWIFT_COMPILATION_MODE = wholemodule;
				SWIFT_OPTIMIZATION_LEVEL = "-O";
			};
			name = Release;
		};
		BB3922AC299C4A9100B6E6E6 /* Debug */ = {
			isa = XCBuildConfiguration;
			buildSettings = {
				CODE_SIGN_STYLE = Automatic;
				DEVELOPMENT_TEAM = RFR6489B8Z;
				ENABLE_HARDENED_RUNTIME = YES;
				PRODUCT_NAME = "$(TARGET_NAME)";
				SWIFT_VERSION = 5.0;
			};
			name = Debug;
		};
		BB3922AD299C4A9100B6E6E6 /* Release */ = {
			isa = XCBuildConfiguration;
			buildSettings = {
				CODE_SIGN_STYLE = Automatic;
				DEVELOPMENT_TEAM = RFR6489B8Z;
				ENABLE_HARDENED_RUNTIME = YES;
				PRODUCT_NAME = "$(TARGET_NAME)";
				SWIFT_VERSION = 5.0;
			};
			name = Release;
		};
/* End XCBuildConfiguration section */

/* Begin XCConfigurationList section */
		BB39229F299C4A9100B6E6E6 /* Build configuration list for PBXProject "DesignPatternsSwift" */ = {
			isa = XCConfigurationList;
			buildConfigurations = (
				BB3922A9299C4A9100B6E6E6 /* Debug */,
				BB3922AA299C4A9100B6E6E6 /* Release */,
			);
			defaultConfigurationIsVisible = 0;
			defaultConfigurationName = Release;
		};
		BB3922AB299C4A9100B6E6E6 /* Build configuration list for PBXNativeTarget "DesignPatternsSwift" */ = {
			isa = XCConfigurationList;
			buildConfigurations = (
				BB3922AC299C4A9100B6E6E6 /* Debug */,
				BB3922AD299C4A9100B6E6E6 /* Release */,
			);
			defaultConfigurationIsVisible = 0;
			defaultConfigurationName = Release;
		};
/* End XCConfigurationList section */
	};
	rootObject = BB39229C299C4A9100B6E6E6 /* Project object */;
}
